<?xml version="1.0" encoding="utf-8"?>
<Project ToolsVersion="4.0" xmlns="http://schemas.microsoft.com/developer/msbuild/2003">
  <ItemGroup>
    <ClCompile Include="AssemblyInfo.cpp" />
    <ClCompile Include="CppCLR_WinFormsProject.cpp" />
    <ClCompile Include="CrearCollaForm.cpp" />
    <ClCompile Include="CtrlCrearColla.cpp" />
    <ClCompile Include="CtrlIniciarSesion.cpp" />
    <ClCompile Include="CtrlRegistrarUsuari.cpp" />
    <ClCompile Include="InhabilitarUsuarioForm.cpp" />
    <ClCompile Include="IniciarSesionForm.cpp" />
    <ClCompile Include="MenuAdminForm.cpp" />
    <ClCompile Include="PasarelaUsuari.cpp" />
    <ClCompile Include="PasarellaColla.cpp" />
    <ClCompile Include="pch.cpp" />
    <ClCompile Include="RegistrarForm.cpp" />
    <ClCompile Include="CrearCastellForm.cpp" />
    <ClCompile Include="CtrlCrearCastell.cpp" />
    <ClCompile Include="PasarelaCastell.cpp" />
  </ItemGroup>
  <ItemGroup>
    <ClInclude Include="AppColors.h" />
    <ClInclude Include="AuthService.h" />
    <ClInclude Include="CercadorUsuari.h" />
    <ClInclude Include="CollaDTO.h" />
    <ClInclude Include="CrearCollaForm.h" />
    <ClInclude Include="CtrlCrearColla.h" />
    <ClInclude Include="CtrlAdminMenu.h" />
    <ClInclude Include="CtrlIniciarSesion.h" />
    <ClInclude Include="CtrlRegistrarUsuari.h" />
    <ClInclude Include="DB.h" />
    <ClInclude Include="InhabilitarUsuarioForm.h" />
    <ClInclude Include="IniciarSesionForm.h" />
    <ClInclude Include="PasarelaColla.h" />
    <ClInclude Include="MenuAdminForm.h" />
    <ClInclude Include="PasarelaUsuari.h" />
    <ClInclude Include="pch.h" />
    <ClInclude Include="RegistrarForm.h" />
    <ClInclude Include="Resource.h" />
    <ClInclude Include="UsuariDTO.h" />
    <ClInclude Include="CrearCastellForm.h" />
    <ClInclude Include="CtrlCrearCastell.h" />
    <ClInclude Include="PasarelaCastell.h" />
    <ClInclude Include="CastellDTO.h" />
  </ItemGroup>
  <ItemGroup>
    <ResourceCompile Include="app.rc" />
  </ItemGroup>
  <ItemGroup>
    <Image Include="app.ico" />
  </ItemGroup>
</Project>