<?xml version="1.0" encoding="utf-8"?>
<Project ToolsVersion="4.0" xmlns="http://schemas.microsoft.com/developer/msbuild/2003">
  <ItemGroup>
    <Filter Include="Source Files">
      <UniqueIdentifier>{4FC737F1-C7A5-4376-A066-2A32D752A2FF}</UniqueIdentifier>
      <Extensions>cpp;c;cc;cxx;c++;cppm;ixx;def;odl;idl;hpj;bat;asm;asmx</Extensions>
    </Filter>
    <Filter Include="Header Files">
      <UniqueIdentifier>{93995380-89BD-4b04-88EB-625FBE52EBFB}</UniqueIdentifier>
      <Extensions>h;hh;hpp;hxx;h++;hm;inl;inc;ipp;xsd</Extensions>
    </Filter>
    <Filter Include="Resource Files">
      <UniqueIdentifier>{67DA6AB6-F800-4c08-8B7A-83BB121AAD01}</UniqueIdentifier>
      <Extensions>rc;ico;cur;bmp;dlg;rc2;rct;bin;rgs;gif;jpg;jpeg;jpe;resx;tiff;tif;png;wav;mfcribbon-ms</Extensions>
    </Filter>
  </ItemGroup>
  <ItemGroup>
    <ResourceCompile Include="app.rc">
      <Filter>Resource Files</Filter>
    </ResourceCompile>
  </ItemGroup>
  <ItemGroup>
    <ClInclude Include="Resource.h">
      <Filter>Header Files</Filter>
    </ClInclude>
    <ClInclude Include="pch.h">
      <Filter>Header Files</Filter>
    </ClInclude>
    <ClInclude Include="AuthService.h">
      <Filter>Header Files</Filter>
    </ClInclude>
    <ClInclude Include="CercadorUsuari.h">
      <Filter>Header Files</Filter>
    </ClInclude>
    <ClInclude Include="CtrlIniciarSesion.h">
      <Filter>Header Files</Filter>
    </ClInclude>
    <ClInclude Include="DB.h">
      <Filter>Header Files</Filter>
    </ClInclude>
    <ClInclude Include="IniciarSesionForm.h">
      <Filter>Header Files</Filter>
    </ClInclude>
    <ClInclude Include="PasarelaUsuari.h">
      <Filter>Header Files</Filter>
    </ClInclude>
    <ClInclude Include="RegistrarForm.h">
      <Filter>Header Files</Filter>
    </ClInclude>
    <ClInclude Include="CtrlRegistrarUsuari.h">
      <Filter>Header Files</Filter>
    </ClInclude>
    <ClInclude Include="UsuariDTO.h">
      <Filter>Header Files</Filter>
    </ClInclude>
    <ClInclude Include="CtrlCrearColla.h">
      <Filter>Header Files</Filter>
    </ClInclude>
    <ClInclude Include="CollaDTO.h">
      <Filter>Header Files</Filter>
    </ClInclude>
    <ClInclude Include="PasarelaColla.h">
      <Filter>Header Files</Filter>
    </ClInclude>
    <ClInclude Include="CrearCollaForm.h">
      <Filter>Header Files</Filter>
    </ClInclude>
    <ClInclude Include="MenuAdminForm.h">
      <Filter>Header Files</Filter>
    </ClInclude>
    <ClInclude Include="AppColors.h">
      <Filter>Header Files</Filter>
    </ClInclude>
    <ClInclude Include="CtrlAdminMenu.h">
      <Filter>Header Files</Filter>
    </ClInclude>
    <ClInclude Include="InhabilitarUsuarioForm.h">
      <Filter>Header Files</Filter>
    </ClInclude>
    <ClInclude Include="CastellDTO.h">
      <Filter>Header Files</Filter>
    </ClInclude>
    <ClInclude Include="CastellerDTO.h">
      <Filter>Header Files</Filter>
    </ClInclude>
    <ClInclude Include="CercadorCastell.h">
      <Filter>Header Files</Filter>
    </ClInclude>
    <ClInclude Include="ConsultarCastellForm.h">
      <Filter>Header Files</Filter>
    </ClInclude>
    <ClInclude Include="CrearCastellForm.h">
      <Filter>Header Files</Filter>
    </ClInclude>
    <ClInclude Include="CtrlConsultarCastell.h">
      <Filter>Header Files</Filter>
    </ClInclude>
    <ClInclude Include="CtrlCrearCastell.h">
      <Filter>Header Files</Filter>
    </ClInclude>
    <ClInclude Include="CtrlRegisterCasteller.h">
      <Filter>Header Files</Filter>
    </ClInclude>
    <ClInclude Include="PasarelaCastell.h">
      <Filter>Header Files</Filter>
    </ClInclude>
    <ClInclude Include="PasarelaCasteller.h">
      <Filter>Header Files</Filter>
    </ClInclude>
    <ClInclude Include="RegisterCastellerForm.h">
      <Filter>Header Files</Filter>
    </ClInclude>
    <ClInclude Include="CtrlRegistrarAssistencia.h">
      <Filter>Header Files</Filter>
    </ClInclude>
    <ClInclude Include="ParticipacioDiadaDTO.h">
      <Filter>Header Files</Filter>
    </ClInclude>
    <ClInclude Include="PasarelaParticipacioDiada.h">
      <Filter>Header Files</Filter>
    </ClInclude>
    <ClInclude Include="DiadaDTO.h">
      <Filter>Header Files</Filter>
    </ClInclude>
    <ClInclude Include="CercadorDiada.h">
      <Filter>Header Files</Filter>
    </ClInclude>
    <ClInclude Include="CercadorCasteller.h">
      <Filter>Header Files</Filter>
    </ClInclude>
    <ClInclude Include="RegistrarAssistenciaForm.h">
      <Filter>Header Files</Filter>
    </ClInclude>

    <ClInclude Include="CercadorMembre.h">
      <Filter>Header Files</Filter>
    </ClInclude>
    <ClInclude Include="CtrlGestioMembreColla.h">
      <Filter>Header Files</Filter>
    </ClInclude>
    <ClInclude Include="PasarelaMembre.h">
      <Filter>Header Files</Filter>
    </ClInclude>
    <ClInclude Include="MenuCapColla.h">
      <Filter>Header Files</Filter>
    </ClInclude>
    <ClInclude Include="AfegirMembresForm.h">
      <Filter>Header Files</Filter>
    </ClInclude>
    <ClInclude Include="GestioMembresForm.h">
      <Filter>Header Files</Filter>
    </ClInclude>
    <ClInclude Include="EliminarMembreForm.h">
      <Filter>Header Files</Filter>
    </ClInclude>
    <ClInclude Include="CercadorColla.h">
      <Filter>Header Files</Filter>
    </ClInclude>
    <ClInclude Include="ModificarUsuariForm.h">
      <Filter>Header Files</Filter>
    </ClInclude>
    <ClInclude Include="CtrlModificarUsuari.h">
      <Filter>Header Files</Filter>
    </ClInclude>
  </ItemGroup>
  <ItemGroup>
    <ClCompile Include="CppCLR_WinFormsProject.cpp">
      <Filter>Source Files</Filter>
    </ClCompile>
    <ClCompile Include="AssemblyInfo.cpp">
      <Filter>Source Files</Filter>
    </ClCompile>
    <ClCompile Include="pch.cpp">
      <Filter>Source Files</Filter>
    </ClCompile>
    <ClCompile Include="CtrlIniciarSesion.cpp">
      <Filter>Source Files</Filter>
    </ClCompile>
    <ClCompile Include="IniciarSesionForm.cpp">
      <Filter>Source Files</Filter>
    </ClCompile>
    <ClCompile Include="RegistrarForm.cpp">
      <Filter>Source Files</Filter>
    </ClCompile>
    <ClCompile Include="CtrlRegistrarUsuari.cpp">
      <Filter>Source Files</Filter>
    </ClCompile>
    <ClCompile Include="PasarelaUsuari.cpp">
      <Filter>Source Files</Filter>
    </ClCompile>
    <ClCompile Include="CtrlCrearColla.cpp">
      <Filter>Source Files</Filter>
    </ClCompile>
    <ClCompile Include="PasarellaColla.cpp">
      <Filter>Source Files</Filter>
    </ClCompile>
    <ClCompile Include="CrearCollaForm.cpp">
      <Filter>Source Files</Filter>
    </ClCompile>
    <ClCompile Include="MenuAdminForm.cpp">
      <Filter>Source Files</Filter>
    </ClCompile>
    <ClCompile Include="InhabilitarUsuarioForm.cpp">
      <Filter>Source Files</Filter>
    </ClCompile>
    <ClCompile Include="CercadorCastell.cpp">
      <Filter>Source Files</Filter>
    </ClCompile>
    <ClCompile Include="ConsultarCastellForm.cpp">
      <Filter>Source Files</Filter>
    </ClCompile>
    <ClCompile Include="CrearCastellForm.cpp">
      <Filter>Source Files</Filter>
    </ClCompile>
    <ClCompile Include="CtrlConsultarCastell.cpp">
      <Filter>Source Files</Filter>
    </ClCompile>
    <ClCompile Include="CtrlCrearCastell.cpp">
      <Filter>Source Files</Filter>
    </ClCompile>
    <ClCompile Include="CtrlRegisterCasteller.cpp">
      <Filter>Source Files</Filter>
    </ClCompile>
    <ClCompile Include="PasarelaCastell.cpp">
      <Filter>Source Files</Filter>
    </ClCompile>
    <ClCompile Include="PasarelaCasteller.cpp">
      <Filter>Source Files</Filter>
    </ClCompile>
    <ClCompile Include="RegisterCastellerForm.cpp">
      <Filter>Source Files</Filter>
    </ClCompile>
    <ClCompile Include="CtrlRegistrarAssistencia.cpp">
      <Filter>Source Files</Filter>
    </ClCompile>
    <ClCompile Include="PasarelaParticipacioDiada.cpp">
      <Filter>Source Files</Filter>
    </ClCompile>
    <ClCompile Include="CercadorDiada.cpp">
      <Filter>Source Files</Filter>
    </ClCompile>
    <ClCompile Include="CercadorCasteller.cpp">
      <Filter>Source Files</Filter>
    </ClCompile>
    <ClCompile Include="RegistrarAssistenciaForm.cpp">
      <Filter>Source Files</Filter>
    </ClCompile>
    <ClCompile Include="CtrlGestioMembreColla.cpp">
      <Filter>Source Files</Filter>
    </ClCompile>
    <ClCompile Include="PasarelaMembre.cpp">
      <Filter>Source Files</Filter>
    </ClCompile>
    <ClCompile Include="MenuCapColla.cpp">
      <Filter>Source Files</Filter>
    </ClCompile>
    <ClCompile Include="AfegirMembresForm.cpp">
      <Filter>Source Files</Filter>
    </ClCompile>
    <ClCompile Include="GestioMembresForm.cpp">
      <Filter>Source Files</Filter>
    </ClCompile>
    <ClCompile Include="EliminarMembreForm.cpp">
      <Filter>Source Files</Filter>
    </ClCompile>
    <ClCompile Include="ModificarUsuariForm.cpp">
      <Filter>Source Files</Filter>
    </ClCompile>
    <ClCompile Include="CtrlModificarUsuari.cpp">
      <Filter>Source Files</Filter>
    </ClCompile>
  </ItemGroup>
  <ItemGroup>
    <Image Include="app.ico" />
  </ItemGroup>
</Project>